dependencies:
  espressif/esp-dsp:
    component_hash: 619639efc18cfa361a9e423739b9b0ffc14991effc6c027f955c2f2c3bf1754b
    dependencies:
    - name: idf
      require: private
      version: '>=4.2'
    source:
      registry_url: https://components.espressif.com/
      type: service
    version: 1.6.0
  idf:
    source:
      type: idf
    version: 5.5.0
direct_dependencies:
- espressif/esp-dsp
- idf
manifest_hash: 8e82233f1a3e498ea0947d51b5e51f5b1c85cef7ada8802673a8e1ed8386eb55
target: esp32s3
version: 2.0.0
